// !$*UTF8*$!
{
	archiveVersion = 1;
	classes = {
	};
	objectVersion = 56;
	objects = {

/* Begin PBXBuildFile section */
		E02578FC2967F11E00EB89EB /* AppDelegate.swift in Sources */ = {isa = PBXBuildFile; fileRef = E02578FB2967F11E00EB89EB /* AppDelegate.swift */; };
		E02578FE2967F11E00EB89EB /* SceneDelegate.swift in Sources */ = {isa = PBXBuildFile; fileRef = E02578FD2967F11E00EB89EB /* SceneDelegate.swift */; };
		E02579002967F11E00EB89EB /* OnboardingVC.swift in Sources */ = {isa = PBXBuildFile; fileRef = E02578FF2967F11E00EB89EB /* OnboardingVC.swift */; };
		E02579052967F12000EB89EB /* Assets.xcassets in Resources */ = {isa = PBXBuildFile; fileRef = E02579042967F12000EB89EB /* Assets.xcassets */; };
		E02579142967F66700EB89EB /* SnapKit in Frameworks */ = {isa = PBXBuildFile; productRef = E02579132967F66700EB89EB /* SnapKit */; };
		E02579162967FE0E00EB89EB /* SignupVC.swift in Sources */ = {isa = PBXBuildFile; fileRef = E02579152967FE0E00EB89EB /* SignupVC.swift */; };
		E0257918296853F100EB89EB /* OnboardingView.swift in Sources */ = {isa = PBXBuildFile; fileRef = E0257917296853F100EB89EB /* OnboardingView.swift */; };
		E025791C29685F7000EB89EB /* SignupView.swift in Sources */ = {isa = PBXBuildFile; fileRef = E025791B29685F7000EB89EB /* SignupView.swift */; };
		E025791F296976CF00EB89EB /* UITextField+Ext.swift in Sources */ = {isa = PBXBuildFile; fileRef = E025791E296976CF00EB89EB /* UITextField+Ext.swift */; };
		E02579222969A25500EB89EB /* HomeView.swift in Sources */ = {isa = PBXBuildFile; fileRef = E02579212969A25500EB89EB /* HomeView.swift */; };
		E02579242969A26700EB89EB /* HomeVC.swift in Sources */ = {isa = PBXBuildFile; fileRef = E02579232969A26700EB89EB /* HomeVC.swift */; };
/* End PBXBuildFile section */

/* Begin PBXFileReference section */
		E02578F82967F11E00EB89EB /* WebRTCPractice.app */ = {isa = PBXFileReference; explicitFileType = wrapper.application; includeInIndex = 0; path = WebRTCPractice.app; sourceTree = BUILT_PRODUCTS_DIR; };
		E02578FB2967F11E00EB89EB /* AppDelegate.swift */ = {isa = PBXFileReference; lastKnownFileType = sourcecode.swift; path = AppDelegate.swift; sourceTree = "<group>"; };
		E02578FD2967F11E00EB89EB /* SceneDelegate.swift */ = {isa = PBXFileReference; lastKnownFileType = sourcecode.swift; path = SceneDelegate.swift; sourceTree = "<group>"; };
		E02578FF2967F11E00EB89EB /* OnboardingVC.swift */ = {isa = PBXFileReference; lastKnownFileType = sourcecode.swift; path = OnboardingVC.swift; sourceTree = "<group>"; };
		E02579042967F12000EB89EB /* Assets.xcassets */ = {isa = PBXFileReference; lastKnownFileType = folder.assetcatalog; path = Assets.xcassets; sourceTree = "<group>"; };
		E02579092967F12000EB89EB /* Info.plist */ = {isa = PBXFileReference; lastKnownFileType = text.plist.xml; path = Info.plist; sourceTree = "<group>"; };
		E02579152967FE0E00EB89EB /* SignupVC.swift */ = {isa = PBXFileReference; lastKnownFileType = sourcecode.swift; path = SignupVC.swift; sourceTree = "<group>"; };
		E0257917296853F100EB89EB /* OnboardingView.swift */ = {isa = PBXFileReference; lastKnownFileType = sourcecode.swift; path = OnboardingView.swift; sourceTree = "<group>"; };
		E025791B29685F7000EB89EB /* SignupView.swift */ = {isa = PBXFileReference; lastKnownFileType = sourcecode.swift; path = SignupView.swift; sourceTree = "<group>"; };
		E025791E296976CF00EB89EB /* UITextField+Ext.swift */ = {isa = PBXFileReference; lastKnownFileType = sourcecode.swift; path = "UITextField+Ext.swift"; sourceTree = "<group>"; };
		E02579212969A25500EB89EB /* HomeView.swift */ = {isa = PBXFileReference; lastKnownFileType = sourcecode.swift; path = HomeView.swift; sourceTree = "<group>"; };
		E02579232969A26700EB89EB /* HomeVC.swift */ = {isa = PBXFileReference; lastKnownFileType = sourcecode.swift; path = HomeVC.swift; sourceTree = "<group>"; };
/* End PBXFileReference section */

/* Begin PBXFrameworksBuildPhase section */
		E02578F52967F11E00EB89EB /* Frameworks */ = {
			isa = PBXFrameworksBuildPhase;
			buildActionMask = 2147483647;
			files = (
				E02579142967F66700EB89EB /* SnapKit in Frameworks */,
			);
			runOnlyForDeploymentPostprocessing = 0;
		};
/* End PBXFrameworksBuildPhase section */

/* Begin PBXGroup section */
		E02578EF2967F11E00EB89EB = {
			isa = PBXGroup;
			children = (
				E02578FA2967F11E00EB89EB /* WebRTCPractice */,
				E02578F92967F11E00EB89EB /* Products */,
			);
			sourceTree = "<group>";
		};
		E02578F92967F11E00EB89EB /* Products */ = {
			isa = PBXGroup;
			children = (
				E02578F82967F11E00EB89EB /* WebRTCPractice.app */,
			);
			name = Products;
			sourceTree = "<group>";
		};
		E02578FA2967F11E00EB89EB /* WebRTCPractice */ = {
			isa = PBXGroup;
			children = (
				E025791D296976B200EB89EB /* Helper */,
				E02579112967F26100EB89EB /* Models */,
				E02579102967F25C00EB89EB /* ViewModels */,
				E025790F2967F25400EB89EB /* Views */,
				E02578FB2967F11E00EB89EB /* AppDelegate.swift */,
				E02578FD2967F11E00EB89EB /* SceneDelegate.swift */,
				E02579042967F12000EB89EB /* Assets.xcassets */,
				E02579092967F12000EB89EB /* Info.plist */,
			);
			path = WebRTCPractice;
			sourceTree = "<group>";
		};
		E025790F2967F25400EB89EB /* Views */ = {
			isa = PBXGroup;
			children = (
				E02579202969A23E00EB89EB /* Home */,
				E025791A29685F5800EB89EB /* Signup */,
				E02579192968546700EB89EB /* Onboarding */,
			);
			path = Views;
			sourceTree = "<group>";
		};
		E02579102967F25C00EB89EB /* ViewModels */ = {
			isa = PBXGroup;
			children = (
			);
			path = ViewModels;
			sourceTree = "<group>";
		};
		E02579112967F26100EB89EB /* Models */ = {
			isa = PBXGroup;
			children = (
			);
			path = Models;
			sourceTree = "<group>";
		};
		E02579192968546700EB89EB /* Onboarding */ = {
			isa = PBXGroup;
			children = (
				E02578FF2967F11E00EB89EB /* OnboardingVC.swift */,
				E0257917296853F100EB89EB /* OnboardingView.swift */,
			);
			path = Onboarding;
			sourceTree = "<group>";
		};
		E025791A29685F5800EB89EB /* Signup */ = {
			isa = PBXGroup;
			children = (
				E02579152967FE0E00EB89EB /* SignupVC.swift */,
				E025791B29685F7000EB89EB /* SignupView.swift */,
			);
			path = Signup;
			sourceTree = "<group>";
		};
		E025791D296976B200EB89EB /* Helper */ = {
			isa = PBXGroup;
			children = (
				E025791E296976CF00EB89EB /* UITextField+Ext.swift */,
			);
			path = Helper;
			sourceTree = "<group>";
		};
		E02579202969A23E00EB89EB /* Home */ = {
			isa = PBXGroup;
			children = (
				E02579232969A26700EB89EB /* HomeVC.swift */,
				E02579212969A25500EB89EB /* HomeView.swift */,
			);
			path = Home;
			sourceTree = "<group>";
		};
/* End PBXGroup section */

/* Begin PBXNativeTarget section */
		E02578F72967F11E00EB89EB /* WebRTCPractice */ = {
			isa = PBXNativeTarget;
			buildConfigurationList = E025790C2967F12000EB89EB /* Build configuration list for PBXNativeTarget "WebRTCPractice" */;
			buildPhases = (
				E02578F42967F11E00EB89EB /* Sources */,
				E02578F52967F11E00EB89EB /* Frameworks */,
				E02578F62967F11E00EB89EB /* Resources */,
			);
			buildRules = (
			);
			dependencies = (
			);
			name = WebRTCPractice;
			packageProductDependencies = (
				E02579132967F66700EB89EB /* SnapKit */,
			);
			productName = WebRTCPractice;
			productReference = E02578F82967F11E00EB89EB /* WebRTCPractice.app */;
			productType = "com.apple.product-type.application";
		};
/* End PBXNativeTarget section */

/* Begin PBXProject section */
		E02578F02967F11E00EB89EB /* Project object */ = {
			isa = PBXProject;
			attributes = {
				BuildIndependentTargetsInParallel = 1;
				LastSwiftUpdateCheck = 1420;
				LastUpgradeCheck = 1420;
				TargetAttributes = {
					E02578F72967F11E00EB89EB = {
						CreatedOnToolsVersion = 14.2;
					};
				};
			};
			buildConfigurationList = E02578F32967F11E00EB89EB /* Build configuration list for PBXProject "WebRTCPractice" */;
			compatibilityVersion = "Xcode 14.0";
			developmentRegion = en;
			hasScannedForEncodings = 0;
			knownRegions = (
				en,
				Base,
			);
			mainGroup = E02578EF2967F11E00EB89EB;
			packageReferences = (
				E02579122967F66700EB89EB /* XCRemoteSwiftPackageReference "SnapKit" */,
			);
			productRefGroup = E02578F92967F11E00EB89EB /* Products */;
			projectDirPath = "";
			projectRoot = "";
			targets = (
				E02578F72967F11E00EB89EB /* WebRTCPractice */,
			);
		};
/* End PBXProject section */

/* Begin PBXResourcesBuildPhase section */
		E02578F62967F11E00EB89EB /* Resources */ = {
			isa = PBXResourcesBuildPhase;
			buildActionMask = 2147483647;
			files = (
				E02579052967F12000EB89EB /* Assets.xcassets in Resources */,
			);
			runOnlyForDeploymentPostprocessing = 0;
		};
/* End PBXResourcesBuildPhase section */

/* Begin PBXSourcesBuildPhase section */
		E02578F42967F11E00EB89EB /* Sources */ = {
			isa = PBXSourcesBuildPhase;
			buildActionMask = 2147483647;
			files = (
				E025791C29685F7000EB89EB /* SignupView.swift in Sources */,
				E02579002967F11E00EB89EB /* OnboardingVC.swift in Sources */,
				E02578FC2967F11E00EB89EB /* AppDelegate.swift in Sources */,
				E02579242969A26700EB89EB /* HomeVC.swift in Sources */,
				E025791F296976CF00EB89EB /* UITextField+Ext.swift in Sources */,
				E02579162967FE0E00EB89EB /* SignupVC.swift in Sources */,
				E02579222969A25500EB89EB /* HomeView.swift in Sources */,
				E0257918296853F100EB89EB /* OnboardingView.swift in Sources */,
				E02578FE2967F11E00EB89EB /* SceneDelegate.swift in Sources */,
			);
			runOnlyForDeploymentPostprocessing = 0;
		};
/* End PBXSourcesBuildPhase section */

/* Begin XCBuildConfiguration section */
		E025790A2967F12000EB89EB /* Debug */ = {
			isa = XCBuildConfiguration;
			buildSettings = {
				ALWAYS_SEARCH_USER_PATHS = NO;
				CLANG_ANALYZER_NONNULL = YES;
				CLANG_ANALYZER_NUMBER_OBJECT_CONVERSION = YES_AGGRESSIVE;
				CLANG_CXX_LANGUAGE_STANDARD = "gnu++20";
				CLANG_ENABLE_MODULES = YES;
				CLANG_ENABLE_OBJC_ARC = YES;
				CLANG_ENABLE_OBJC_WEAK = YES;
				CLANG_WARN_BLOCK_CAPTURE_AUTORELEASING = YES;
				CLANG_WARN_BOOL_CONVERSION = YES;
				CLANG_WARN_COMMA = YES;
				CLANG_WARN_CONSTANT_CONVERSION = YES;
				CLANG_WARN_DEPRECATED_OBJC_IMPLEMENTATIONS = YES;
				CLANG_WARN_DIRECT_OBJC_ISA_USAGE = YES_ERROR;
				CLANG_WARN_DOCUMENTATION_COMMENTS = YES;
				CLANG_WARN_EMPTY_BODY = YES;
				CLANG_WARN_ENUM_CONVERSION = YES;
				CLANG_WARN_INFINITE_RECURSION = YES;
				CLANG_WARN_INT_CONVERSION = YES;
				CLANG_WARN_NON_LITERAL_NULL_CONVERSION = YES;
				CLANG_WARN_OBJC_IMPLICIT_RETAIN_SELF = YES;
				CLANG_WARN_OBJC_LITERAL_CONVERSION = YES;
				CLANG_WARN_OBJC_ROOT_CLASS = YES_ERROR;
				CLANG_WARN_QUOTED_INCLUDE_IN_FRAMEWORK_HEADER = YES;
				CLANG_WARN_RANGE_LOOP_ANALYSIS = YES;
				CLANG_WARN_STRICT_PROTOTYPES = YES;
				CLANG_WARN_SUSPICIOUS_MOVE = YES;
				CLANG_WARN_UNGUARDED_AVAILABILITY = YES_AGGRESSIVE;
				CLANG_WARN_UNREACHABLE_CODE = YES;
				CLANG_WARN__DUPLICATE_METHOD_MATCH = YES;
				COPY_PHASE_STRIP = NO;
				DEBUG_INFORMATION_FORMAT = dwarf;
				ENABLE_STRICT_OBJC_MSGSEND = YES;
				ENABLE_TESTABILITY = YES;
				GCC_C_LANGUAGE_STANDARD = gnu11;
				GCC_DYNAMIC_NO_PIC = NO;
				GCC_NO_COMMON_BLOCKS = YES;
				GCC_OPTIMIZATION_LEVEL = 0;
				GCC_PREPROCESSOR_DEFINITIONS = (
					"DEBUG=1",
					"$(inherited)",
				);
				GCC_WARN_64_TO_32_BIT_CONVERSION = YES;
				GCC_WARN_ABOUT_RETURN_TYPE = YES_ERROR;
				GCC_WARN_UNDECLARED_SELECTOR = YES;
				GCC_WARN_UNINITIALIZED_AUTOS = YES_AGGRESSIVE;
				GCC_WARN_UNUSED_FUNCTION = YES;
				GCC_WARN_UNUSED_VARIABLE = YES;
				IPHONEOS_DEPLOYMENT_TARGET = 16.2;
				MTL_ENABLE_DEBUG_INFO = INCLUDE_SOURCE;
				MTL_FAST_MATH = YES;
				ONLY_ACTIVE_ARCH = YES;
				SDKROOT = iphoneos;
				SWIFT_ACTIVE_COMPILATION_CONDITIONS = DEBUG;
				SWIFT_OPTIMIZATION_LEVEL = "-Onone";
			};
			name = Debug;
		};
		E025790B2967F12000EB89EB /* Release */ = {
			isa = XCBuildConfiguration;
			buildSettings = {
				ALWAYS_SEARCH_USER_PATHS = NO;
				CLANG_ANALYZER_NONNULL = YES;
				CLANG_ANALYZER_NUMBER_OBJECT_CONVERSION = YES_AGGRESSIVE;
				CLANG_CXX_LANGUAGE_STANDARD = "gnu++20";
				CLANG_ENABLE_MODULES = YES;
				CLANG_ENABLE_OBJC_ARC = YES;
				CLANG_ENABLE_OBJC_WEAK = YES;
				CLANG_WARN_BLOCK_CAPTURE_AUTORELEASING = YES;
				CLANG_WARN_BOOL_CONVERSION = YES;
				CLANG_WARN_COMMA = YES;
				CLANG_WARN_CONSTANT_CONVERSION = YES;
				CLANG_WARN_DEPRECATED_OBJC_IMPLEMENTATIONS = YES;
				CLANG_WARN_DIRECT_OBJC_ISA_USAGE = YES_ERROR;
				CLANG_WARN_DOCUMENTATION_COMMENTS = YES;
				CLANG_WARN_EMPTY_BODY = YES;
				CLANG_WARN_ENUM_CONVERSION = YES;
				CLANG_WARN_INFINITE_RECURSION = YES;
				CLANG_WARN_INT_CONVERSION = YES;
				CLANG_WARN_NON_LITERAL_NULL_CONVERSION = YES;
				CLANG_WARN_OBJC_IMPLICIT_RETAIN_SELF = YES;
				CLANG_WARN_OBJC_LITERAL_CONVERSION = YES;
				CLANG_WARN_OBJC_ROOT_CLASS = YES_ERROR;
				CLANG_WARN_QUOTED_INCLUDE_IN_FRAMEWORK_HEADER = YES;
				CLANG_WARN_RANGE_LOOP_ANALYSIS = YES;
				CLANG_WARN_STRICT_PROTOTYPES = YES;
				CLANG_WARN_SUSPICIOUS_MOVE = YES;
				CLANG_WARN_UNGUARDED_AVAILABILITY = YES_AGGRESSIVE;
				CLANG_WARN_UNREACHABLE_CODE = YES;
				CLANG_WARN__DUPLICATE_METHOD_MATCH = YES;
				COPY_PHASE_STRIP = NO;
				DEBUG_INFORMATION_FORMAT = "dwarf-with-dsym";
				ENABLE_NS_ASSERTIONS = NO;
				ENABLE_STRICT_OBJC_MSGSEND = YES;
				GCC_C_LANGUAGE_STANDARD = gnu11;
				GCC_NO_COMMON_BLOCKS = YES;
				GCC_WARN_64_TO_32_BIT_CONVERSION = YES;
				GCC_WARN_ABOUT_RETURN_TYPE = YES_ERROR;
				GCC_WARN_UNDECLARED_SELECTOR = YES;
				GCC_WARN_UNINITIALIZED_AUTOS = YES_AGGRESSIVE;
				GCC_WARN_UNUSED_FUNCTION = YES;
				GCC_WARN_UNUSED_VARIABLE = YES;
				IPHONEOS_DEPLOYMENT_TARGET = 16.2;
				MTL_ENABLE_DEBUG_INFO = NO;
				MTL_FAST_MATH = YES;
				SDKROOT = iphoneos;
				SWIFT_COMPILATION_MODE = wholemodule;
				SWIFT_OPTIMIZATION_LEVEL = "-O";
				VALIDATE_PRODUCT = YES;
			};
			name = Release;
		};
		E025790D2967F12000EB89EB /* Debug */ = {
			isa = XCBuildConfiguration;
			buildSettings = {
				ASSETCATALOG_COMPILER_APPICON_NAME = AppIcon;
				ASSETCATALOG_COMPILER_GLOBAL_ACCENT_COLOR_NAME = AccentColor;
				CODE_SIGN_STYLE = Automatic;
				CURRENT_PROJECT_VERSION = 1;
				DEVELOPMENT_TEAM = 7A8HJKU9L3;
				GENERATE_INFOPLIST_FILE = YES;
				INFOPLIST_FILE = WebRTCPractice/Info.plist;
				INFOPLIST_KEY_UIApplicationSupportsIndirectInputEvents = YES;
				INFOPLIST_KEY_UILaunchStoryboardName = LaunchScreen;
				INFOPLIST_KEY_UISupportedInterfaceOrientations_iPad = "UIInterfaceOrientationPortrait UIInterfaceOrientationPortraitUpsideDown UIInterfaceOrientationLandscapeLeft UIInterfaceOrientationLandscapeRight";
				INFOPLIST_KEY_UISupportedInterfaceOrientations_iPhone = "UIInterfaceOrientationPortrait UIInterfaceOrientationLandscapeLeft UIInterfaceOrientationLandscapeRight";
				IPHONEOS_DEPLOYMENT_TARGET = 13.5;
				LD_RUNPATH_SEARCH_PATHS = (
					"$(inherited)",
					"@executable_path/Frameworks",
				);
				MARKETING_VERSION = 1.0;
				PRODUCT_BUNDLE_IDENTIFIER = com.hertz.WebRTCPractice;
				PRODUCT_NAME = "$(TARGET_NAME)";
				SWIFT_EMIT_LOC_STRINGS = YES;
				SWIFT_VERSION = 5.0;
				TARGETED_DEVICE_FAMILY = "1,2";
			};
			name = Debug;
		};
		E025790E2967F12000EB89EB /* Release */ = {
			isa = XCBuildConfiguration;
			buildSettings = {
				ASSETCATALOG_COMPILER_APPICON_NAME = AppIcon;
				ASSETCATALOG_COMPILER_GLOBAL_ACCENT_COLOR_NAME = AccentColor;
				CODE_SIGN_STYLE = Automatic;
				CURRENT_PROJECT_VERSION = 1;
				DEVELOPMENT_TEAM = 7A8HJKU9L3;
				GENERATE_INFOPLIST_FILE = YES;
				INFOPLIST_FILE = WebRTCPractice/Info.plist;
				INFOPLIST_KEY_UIApplicationSupportsIndirectInputEvents = YES;
				INFOPLIST_KEY_UILaunchStoryboardName = LaunchScreen;
				INFOPLIST_KEY_UISupportedInterfaceOrientations_iPad = "UIInterfaceOrientationPortrait UIInterfaceOrientationPortraitUpsideDown UIInterfaceOrientationLandscapeLeft UIInterfaceOrientationLandscapeRight";
				INFOPLIST_KEY_UISupportedInterfaceOrientations_iPhone = "UIInterfaceOrientationPortrait UIInterfaceOrientationLandscapeLeft UIInterfaceOrientationLandscapeRight";
				IPHONEOS_DEPLOYMENT_TARGET = 13.5;
				LD_RUNPATH_SEARCH_PATHS = (
					"$(inherited)",
					"@executable_path/Frameworks",
				);
				MARKETING_VERSION = 1.0;
				PRODUCT_BUNDLE_IDENTIFIER = com.hertz.WebRTCPractice;
				PRODUCT_NAME = "$(TARGET_NAME)";
				SWIFT_EMIT_LOC_STRINGS = YES;
				SWIFT_VERSION = 5.0;
				TARGETED_DEVICE_FAMILY = "1,2";
			};
			name = Release;
		};
/* End XCBuildConfiguration section */

/* Begin XCConfigurationList section */
		E02578F32967F11E00EB89EB /* Build configuration list for PBXProject "WebRTCPractice" */ = {
			isa = XCConfigurationList;
			buildConfigurations = (
				E025790A2967F12000EB89EB /* Debug */,
				E025790B2967F12000EB89EB /* Release */,
			);
			defaultConfigurationIsVisible = 0;
			defaultConfigurationName = Release;
		};
		E025790C2967F12000EB89EB /* Build configuration list for PBXNativeTarget "WebRTCPractice" */ = {
			isa = XCConfigurationList;
			buildConfigurations = (
				E025790D2967F12000EB89EB /* Debug */,
				E025790E2967F12000EB89EB /* Release */,
			);
			defaultConfigurationIsVisible = 0;
			defaultConfigurationName = Release;
		};
/* End XCConfigurationList section */

/* Begin XCRemoteSwiftPackageReference section */
		E02579122967F66700EB89EB /* XCRemoteSwiftPackageReference "SnapKit" */ = {
			isa = XCRemoteSwiftPackageReference;
			repositoryURL = "https://github.com/SnapKit/SnapKit.git";
			requirement = {
				branch = develop;
				kind = branch;
			};
		};
/* End XCRemoteSwiftPackageReference section */

/* Begin XCSwiftPackageProductDependency section */
		E02579132967F66700EB89EB /* SnapKit */ = {
			isa = XCSwiftPackageProductDependency;
			package = E02579122967F66700EB89EB /* XCRemoteSwiftPackageReference "SnapKit" */;
			productName = SnapKit;
		};
/* End XCSwiftPackageProductDependency section */
	};
	rootObject = E02578F02967F11E00EB89EB /* Project object */;
}
